<?xml version="1.0" encoding="utf-8"?>
<Project ToolsVersion="17.0" xmlns="http://schemas.microsoft.com/developer/msbuild/2003">
  <ItemGroup>
    <ClCompile Include="E:\C++\Learn\OpenGL\Learn-OpenGL\src\main.cpp">
      <Filter>Source Files</Filter>
    </ClCompile>
  </ItemGroup>
  <ItemGroup>
    <CustomBuild Include="E:\C++\Learn\OpenGL\Learn-OpenGL\CMakeLists.txt" />
  </ItemGroup>
  <ItemGroup>
    <Filter Include="Source Files">
      <UniqueIdentifier>{1ED9E8EE-19EC-3AE1-8206-BD9C7367E148}</UniqueIdentifier>
    </Filter>
  </ItemGroup>
</Project>
