<?xml version="1.0" encoding="utf-8"?>
<Project ToolsVersion="17.0" xmlns="http://schemas.microsoft.com/developer/msbuild/2003">
  <ItemGroup>
    <CustomBuild Include="E:\C++\Learn\OpenGL\Learn-OpenGL\CMakeFiles\ecf56ace08408fdbcd042e87b7344bbe\generate.stamp.rule">
      <Filter>CMake Rules</Filter>
    </CustomBuild>
  </ItemGroup>
  <ItemGroup>
    <Filter Include="CMake Rules">
      <UniqueIdentifier>{0F811DE3-9DB9-3BD6-AADA-AE548DCD8A7F}</UniqueIdentifier>
    </Filter>
  </ItemGroup>
</Project>
